
Microsoft Visual Studio Solution File, Format Version 12.00
# Visual Studio Version 17
VisualStudioVersion = 17.13.35913.81 d17.13
MinimumVisualStudioVersion = 10.0.40219.1
Project("{FAE04EC0-301F-11D3-BF4B-00C04F79EFBC}") = "allatok", "allatok\allatok.csproj", "{FBCC2FCC-B620-4214-999E-63CE66FC31DA}"
EndProject
Global
	GlobalSection(SolutionConfigurationPlatforms) = preSolution
		Debug|Any CPU = Debug|Any CPU
		Release|Any CPU = Release|Any CPU
	EndGlobalSection
	GlobalSection(ProjectConfigurationPlatforms) = postSolution
		{FBCC2FCC-B620-4214-999E-63CE66FC31DA}.Debug|Any CPU.ActiveCfg = Debug|Any CPU
		{FBCC2FCC-B620-4214-999E-63CE66FC31DA}.Debug|Any CPU.Build.0 = Debug|Any CPU
		{FBCC2FCC-B620-4214-999E-63CE66FC31DA}.Release|Any CPU.ActiveCfg = Release|Any CPU
		{FBCC2FCC-B620-4214-999E-63CE66FC31DA}.Release|Any CPU.Build.0 = Release|Any CPU
	EndGlobalSection
	GlobalSection(SolutionProperties) = preSolution
		HideSolutionNode = FALSE
	EndGlobalSection
	GlobalSection(ExtensibilityGlobals) = postSolution
		SolutionGuid = {00D3C8C1-8F39-472C-BEC9-86EC8A31D665}
	EndGlobalSection
EndGlobal
