
Microsoft Visual Studio Solution File, Format Version 12.00
# Visual Studio Version 17
VisualStudioVersion = 17.13.35913.81 d17.13
MinimumVisualStudioVersion = 10.0.40219.1
Project("{FAE04EC0-301F-11D3-BF4B-00C04F79EFBC}") = "LegyenOnIsMilliomos", "LegyenOnIsMilliomos.csproj", "{156A3626-C500-916B-945F-F4662EAD6DD3}"
EndProject
Global
	GlobalSection(SolutionConfigurationPlatforms) = preSolution
		Debug|Any CPU = Debug|Any CPU
		Release|Any CPU = Release|Any CPU
	EndGlobalSection
	GlobalSection(ProjectConfigurationPlatforms) = postSolution
		{156A3626-C500-916B-945F-F4662EAD6DD3}.Debug|Any CPU.ActiveCfg = Debug|Any CPU
		{156A3626-C500-916B-945F-F4662EAD6DD3}.Debug|Any CPU.Build.0 = Debug|Any CPU
		{156A3626-C500-916B-945F-F4662EAD6DD3}.Release|Any CPU.ActiveCfg = Release|Any CPU
		{156A3626-C500-916B-945F-F4662EAD6DD3}.Release|Any CPU.Build.0 = Release|Any CPU
	EndGlobalSection
	GlobalSection(SolutionProperties) = preSolution
		HideSolutionNode = FALSE
	EndGlobalSection
	GlobalSection(ExtensibilityGlobals) = postSolution
		SolutionGuid = {287D77A8-E040-4AFE-B802-7C382AEADDD5}
	EndGlobalSection
EndGlobal
