
Microsoft Visual Studio Solution File, Format Version 12.00
# Visual Studio Version 17
VisualStudioVersion = 17.5.2.0
MinimumVisualStudioVersion = 10.0.40219.1
Project("{FAE04EC0-301F-11D3-BF4B-00C04F79EFBC}") = "tomb", "tomb\tomb.csproj", "{CDB00400-B92F-2198-3C49-2DA356AA01CA}"
EndProject
Project("{FAE04EC0-301F-11D3-BF4B-00C04F79EFBC}") = "valami", "valami\valami.csproj", "{19CA0851-2428-1B7B-5A9D-DBBC1C43B928}"
EndProject
Project("{FAE04EC0-301F-11D3-BF4B-00C04F79EFBC}") = "feladat", "feladat\feladat.csproj", "{3CD74966-5E0C-4FD7-B191-61E6B6DAF30F}"
EndProject
Project("{FAE04EC0-301F-11D3-BF4B-00C04F79EFBC}") = "rend", "rend\rend.csproj", "{65EB7FC0-E719-4426-9937-39D1C88F5B04}"
EndProject
Project("{FAE04EC0-301F-11D3-BF4B-00C04F79EFBC}") = "prim", "prim\prim.csproj", "{338D6A37-3E59-4F3B-A680-E0AED22C8C77}"
EndProject
Project("{FAE04EC0-301F-11D3-BF4B-00C04F79EFBC}") = "ascii", "ascii\ascii.csproj", "{BDF5DACA-8335-4C9D-9C5F-5C9142A2D80F}"
EndProject
Project("{FAE04EC0-301F-11D3-BF4B-00C04F79EFBC}") = "feladat1rep", "..\doga\feladat1rep\feladat1rep.csproj", "{72470EF5-49ED-4F29-8786-E737F692329E}"
EndProject
Project("{FAE04EC0-301F-11D3-BF4B-00C04F79EFBC}") = "hello12.09", "hello12.09\hello12.09.csproj", "{314A7592-EA3D-416F-BB35-2792B902D9F3}"
EndProject
Project("{FAE04EC0-301F-11D3-BF4B-00C04F79EFBC}") = "valamifel", "valamifel\valamifel.csproj", "{290B19A1-4C88-461A-ACC5-91E6719275E0}"
EndProject
Project("{FAE04EC0-301F-11D3-BF4B-00C04F79EFBC}") = "valamifel1", "valamifel1\valamifel1.csproj", "{DC1E4A38-0210-43A8-B674-82FC5CE237F4}"
EndProject
Project("{FAE04EC0-301F-11D3-BF4B-00C04F79EFBC}") = "dijkstrasegits", "dijkstrasegits\dijkstrasegits.csproj", "{F8F6AFAA-68FA-4D8D-AFA3-EFDA6E465527}"
EndProject
Global
	GlobalSection(SolutionConfigurationPlatforms) = preSolution
		Debug|Any CPU = Debug|Any CPU
		Debug|x64 = Debug|x64
		Debug|x86 = Debug|x86
		Release|Any CPU = Release|Any CPU
		Release|x64 = Release|x64
		Release|x86 = Release|x86
	EndGlobalSection
	GlobalSection(ProjectConfigurationPlatforms) = postSolution
		{CDB00400-B92F-2198-3C49-2DA356AA01CA}.Debug|Any CPU.ActiveCfg = Debug|Any CPU
		{CDB00400-B92F-2198-3C49-2DA356AA01CA}.Debug|Any CPU.Build.0 = Debug|Any CPU
		{CDB00400-B92F-2198-3C49-2DA356AA01CA}.Debug|x64.ActiveCfg = Debug|Any CPU
		{CDB00400-B92F-2198-3C49-2DA356AA01CA}.Debug|x64.Build.0 = Debug|Any CPU
		{CDB00400-B92F-2198-3C49-2DA356AA01CA}.Debug|x86.ActiveCfg = Debug|Any CPU
		{CDB00400-B92F-2198-3C49-2DA356AA01CA}.Debug|x86.Build.0 = Debug|Any CPU
		{CDB00400-B92F-2198-3C49-2DA356AA01CA}.Release|Any CPU.ActiveCfg = Release|Any CPU
		{CDB00400-B92F-2198-3C49-2DA356AA01CA}.Release|Any CPU.Build.0 = Release|Any CPU
		{CDB00400-B92F-2198-3C49-2DA356AA01CA}.Release|x64.ActiveCfg = Release|Any CPU
		{CDB00400-B92F-2198-3C49-2DA356AA01CA}.Release|x64.Build.0 = Release|Any CPU
		{CDB00400-B92F-2198-3C49-2DA356AA01CA}.Release|x86.ActiveCfg = Release|Any CPU
		{CDB00400-B92F-2198-3C49-2DA356AA01CA}.Release|x86.Build.0 = Release|Any CPU
		{19CA0851-2428-1B7B-5A9D-DBBC1C43B928}.Debug|Any CPU.ActiveCfg = Debug|Any CPU
		{19CA0851-2428-1B7B-5A9D-DBBC1C43B928}.Debug|Any CPU.Build.0 = Debug|Any CPU
		{19CA0851-2428-1B7B-5A9D-DBBC1C43B928}.Debug|x64.ActiveCfg = Debug|Any CPU
		{19CA0851-2428-1B7B-5A9D-DBBC1C43B928}.Debug|x64.Build.0 = Debug|Any CPU
		{19CA0851-2428-1B7B-5A9D-DBBC1C43B928}.Debug|x86.ActiveCfg = Debug|Any CPU
		{19CA0851-2428-1B7B-5A9D-DBBC1C43B928}.Debug|x86.Build.0 = Debug|Any CPU
		{19CA0851-2428-1B7B-5A9D-DBBC1C43B928}.Release|Any CPU.ActiveCfg = Release|Any CPU
		{19CA0851-2428-1B7B-5A9D-DBBC1C43B928}.Release|Any CPU.Build.0 = Release|Any CPU
		{19CA0851-2428-1B7B-5A9D-DBBC1C43B928}.Release|x64.ActiveCfg = Release|Any CPU
		{19CA0851-2428-1B7B-5A9D-DBBC1C43B928}.Release|x64.Build.0 = Release|Any CPU
		{19CA0851-2428-1B7B-5A9D-DBBC1C43B928}.Release|x86.ActiveCfg = Release|Any CPU
		{19CA0851-2428-1B7B-5A9D-DBBC1C43B928}.Release|x86.Build.0 = Release|Any CPU
		{3CD74966-5E0C-4FD7-B191-61E6B6DAF30F}.Debug|Any CPU.ActiveCfg = Debug|Any CPU
		{3CD74966-5E0C-4FD7-B191-61E6B6DAF30F}.Debug|Any CPU.Build.0 = Debug|Any CPU
		{3CD74966-5E0C-4FD7-B191-61E6B6DAF30F}.Debug|x64.ActiveCfg = Debug|Any CPU
		{3CD74966-5E0C-4FD7-B191-61E6B6DAF30F}.Debug|x64.Build.0 = Debug|Any CPU
		{3CD74966-5E0C-4FD7-B191-61E6B6DAF30F}.Debug|x86.ActiveCfg = Debug|Any CPU
		{3CD74966-5E0C-4FD7-B191-61E6B6DAF30F}.Debug|x86.Build.0 = Debug|Any CPU
		{3CD74966-5E0C-4FD7-B191-61E6B6DAF30F}.Release|Any CPU.ActiveCfg = Release|Any CPU
		{3CD74966-5E0C-4FD7-B191-61E6B6DAF30F}.Release|Any CPU.Build.0 = Release|Any CPU
		{3CD74966-5E0C-4FD7-B191-61E6B6DAF30F}.Release|x64.ActiveCfg = Release|Any CPU
		{3CD74966-5E0C-4FD7-B191-61E6B6DAF30F}.Release|x64.Build.0 = Release|Any CPU
		{3CD74966-5E0C-4FD7-B191-61E6B6DAF30F}.Release|x86.ActiveCfg = Release|Any CPU
		{3CD74966-5E0C-4FD7-B191-61E6B6DAF30F}.Release|x86.Build.0 = Release|Any CPU
		{65EB7FC0-E719-4426-9937-39D1C88F5B04}.Debug|Any CPU.ActiveCfg = Debug|Any CPU
		{65EB7FC0-E719-4426-9937-39D1C88F5B04}.Debug|Any CPU.Build.0 = Debug|Any CPU
		{65EB7FC0-E719-4426-9937-39D1C88F5B04}.Debug|x64.ActiveCfg = Debug|Any CPU
		{65EB7FC0-E719-4426-9937-39D1C88F5B04}.Debug|x64.Build.0 = Debug|Any CPU
		{65EB7FC0-E719-4426-9937-39D1C88F5B04}.Debug|x86.ActiveCfg = Debug|Any CPU
		{65EB7FC0-E719-4426-9937-39D1C88F5B04}.Debug|x86.Build.0 = Debug|Any CPU
		{65EB7FC0-E719-4426-9937-39D1C88F5B04}.Release|Any CPU.ActiveCfg = Release|Any CPU
		{65EB7FC0-E719-4426-9937-39D1C88F5B04}.Release|Any CPU.Build.0 = Release|Any CPU
		{65EB7FC0-E719-4426-9937-39D1C88F5B04}.Release|x64.ActiveCfg = Release|Any CPU
		{65EB7FC0-E719-4426-9937-39D1C88F5B04}.Release|x64.Build.0 = Release|Any CPU
		{65EB7FC0-E719-4426-9937-39D1C88F5B04}.Release|x86.ActiveCfg = Release|Any CPU
		{65EB7FC0-E719-4426-9937-39D1C88F5B04}.Release|x86.Build.0 = Release|Any CPU
		{338D6A37-3E59-4F3B-A680-E0AED22C8C77}.Debug|Any CPU.ActiveCfg = Debug|Any CPU
		{338D6A37-3E59-4F3B-A680-E0AED22C8C77}.Debug|Any CPU.Build.0 = Debug|Any CPU
		{338D6A37-3E59-4F3B-A680-E0AED22C8C77}.Debug|x64.ActiveCfg = Debug|Any CPU
		{338D6A37-3E59-4F3B-A680-E0AED22C8C77}.Debug|x64.Build.0 = Debug|Any CPU
		{338D6A37-3E59-4F3B-A680-E0AED22C8C77}.Debug|x86.ActiveCfg = Debug|Any CPU
		{338D6A37-3E59-4F3B-A680-E0AED22C8C77}.Debug|x86.Build.0 = Debug|Any CPU
		{338D6A37-3E59-4F3B-A680-E0AED22C8C77}.Release|Any CPU.ActiveCfg = Release|Any CPU
		{338D6A37-3E59-4F3B-A680-E0AED22C8C77}.Release|Any CPU.Build.0 = Release|Any CPU
		{338D6A37-3E59-4F3B-A680-E0AED22C8C77}.Release|x64.ActiveCfg = Release|Any CPU
		{338D6A37-3E59-4F3B-A680-E0AED22C8C77}.Release|x64.Build.0 = Release|Any CPU
		{338D6A37-3E59-4F3B-A680-E0AED22C8C77}.Release|x86.ActiveCfg = Release|Any CPU
		{338D6A37-3E59-4F3B-A680-E0AED22C8C77}.Release|x86.Build.0 = Release|Any CPU
		{BDF5DACA-8335-4C9D-9C5F-5C9142A2D80F}.Debug|Any CPU.ActiveCfg = Debug|Any CPU
		{BDF5DACA-8335-4C9D-9C5F-5C9142A2D80F}.Debug|Any CPU.Build.0 = Debug|Any CPU
		{BDF5DACA-8335-4C9D-9C5F-5C9142A2D80F}.Debug|x64.ActiveCfg = Debug|Any CPU
		{BDF5DACA-8335-4C9D-9C5F-5C9142A2D80F}.Debug|x64.Build.0 = Debug|Any CPU
		{BDF5DACA-8335-4C9D-9C5F-5C9142A2D80F}.Debug|x86.ActiveCfg = Debug|Any CPU
		{BDF5DACA-8335-4C9D-9C5F-5C9142A2D80F}.Debug|x86.Build.0 = Debug|Any CPU
		{BDF5DACA-8335-4C9D-9C5F-5C9142A2D80F}.Release|Any CPU.ActiveCfg = Release|Any CPU
		{BDF5DACA-8335-4C9D-9C5F-5C9142A2D80F}.Release|Any CPU.Build.0 = Release|Any CPU
		{BDF5DACA-8335-4C9D-9C5F-5C9142A2D80F}.Release|x64.ActiveCfg = Release|Any CPU
		{BDF5DACA-8335-4C9D-9C5F-5C9142A2D80F}.Release|x64.Build.0 = Release|Any CPU
		{BDF5DACA-8335-4C9D-9C5F-5C9142A2D80F}.Release|x86.ActiveCfg = Release|Any CPU
		{BDF5DACA-8335-4C9D-9C5F-5C9142A2D80F}.Release|x86.Build.0 = Release|Any CPU
		{72470EF5-49ED-4F29-8786-E737F692329E}.Debug|Any CPU.ActiveCfg = Debug|Any CPU
		{72470EF5-49ED-4F29-8786-E737F692329E}.Debug|Any CPU.Build.0 = Debug|Any CPU
		{72470EF5-49ED-4F29-8786-E737F692329E}.Debug|x64.ActiveCfg = Debug|Any CPU
		{72470EF5-49ED-4F29-8786-E737F692329E}.Debug|x64.Build.0 = Debug|Any CPU
		{72470EF5-49ED-4F29-8786-E737F692329E}.Debug|x86.ActiveCfg = Debug|Any CPU
		{72470EF5-49ED-4F29-8786-E737F692329E}.Debug|x86.Build.0 = Debug|Any CPU
		{72470EF5-49ED-4F29-8786-E737F692329E}.Release|Any CPU.ActiveCfg = Release|Any CPU
		{72470EF5-49ED-4F29-8786-E737F692329E}.Release|Any CPU.Build.0 = Release|Any CPU
		{72470EF5-49ED-4F29-8786-E737F692329E}.Release|x64.ActiveCfg = Release|Any CPU
		{72470EF5-49ED-4F29-8786-E737F692329E}.Release|x64.Build.0 = Release|Any CPU
		{72470EF5-49ED-4F29-8786-E737F692329E}.Release|x86.ActiveCfg = Release|Any CPU
		{72470EF5-49ED-4F29-8786-E737F692329E}.Release|x86.Build.0 = Release|Any CPU
		{314A7592-EA3D-416F-BB35-2792B902D9F3}.Debug|Any CPU.ActiveCfg = Debug|Any CPU
		{314A7592-EA3D-416F-BB35-2792B902D9F3}.Debug|Any CPU.Build.0 = Debug|Any CPU
		{314A7592-EA3D-416F-BB35-2792B902D9F3}.Debug|x64.ActiveCfg = Debug|Any CPU
		{314A7592-EA3D-416F-BB35-2792B902D9F3}.Debug|x64.Build.0 = Debug|Any CPU
		{314A7592-EA3D-416F-BB35-2792B902D9F3}.Debug|x86.ActiveCfg = Debug|Any CPU
		{314A7592-EA3D-416F-BB35-2792B902D9F3}.Debug|x86.Build.0 = Debug|Any CPU
		{314A7592-EA3D-416F-BB35-2792B902D9F3}.Release|Any CPU.ActiveCfg = Release|Any CPU
		{314A7592-EA3D-416F-BB35-2792B902D9F3}.Release|Any CPU.Build.0 = Release|Any CPU
		{314A7592-EA3D-416F-BB35-2792B902D9F3}.Release|x64.ActiveCfg = Release|Any CPU
		{314A7592-EA3D-416F-BB35-2792B902D9F3}.Release|x64.Build.0 = Release|Any CPU
		{314A7592-EA3D-416F-BB35-2792B902D9F3}.Release|x86.ActiveCfg = Release|Any CPU
		{314A7592-EA3D-416F-BB35-2792B902D9F3}.Release|x86.Build.0 = Release|Any CPU
		{290B19A1-4C88-461A-ACC5-91E6719275E0}.Debug|Any CPU.ActiveCfg = Debug|Any CPU
		{290B19A1-4C88-461A-ACC5-91E6719275E0}.Debug|Any CPU.Build.0 = Debug|Any CPU
		{290B19A1-4C88-461A-ACC5-91E6719275E0}.Debug|x64.ActiveCfg = Debug|Any CPU
		{290B19A1-4C88-461A-ACC5-91E6719275E0}.Debug|x64.Build.0 = Debug|Any CPU
		{290B19A1-4C88-461A-ACC5-91E6719275E0}.Debug|x86.ActiveCfg = Debug|Any CPU
		{290B19A1-4C88-461A-ACC5-91E6719275E0}.Debug|x86.Build.0 = Debug|Any CPU
		{290B19A1-4C88-461A-ACC5-91E6719275E0}.Release|Any CPU.ActiveCfg = Release|Any CPU
		{290B19A1-4C88-461A-ACC5-91E6719275E0}.Release|Any CPU.Build.0 = Release|Any CPU
		{290B19A1-4C88-461A-ACC5-91E6719275E0}.Release|x64.ActiveCfg = Release|Any CPU
		{290B19A1-4C88-461A-ACC5-91E6719275E0}.Release|x64.Build.0 = Release|Any CPU
		{290B19A1-4C88-461A-ACC5-91E6719275E0}.Release|x86.ActiveCfg = Release|Any CPU
		{290B19A1-4C88-461A-ACC5-91E6719275E0}.Release|x86.Build.0 = Release|Any CPU
		{DC1E4A38-0210-43A8-B674-82FC5CE237F4}.Debug|Any CPU.ActiveCfg = Debug|Any CPU
		{DC1E4A38-0210-43A8-B674-82FC5CE237F4}.Debug|Any CPU.Build.0 = Debug|Any CPU
		{DC1E4A38-0210-43A8-B674-82FC5CE237F4}.Debug|x64.ActiveCfg = Debug|Any CPU
		{DC1E4A38-0210-43A8-B674-82FC5CE237F4}.Debug|x64.Build.0 = Debug|Any CPU
		{DC1E4A38-0210-43A8-B674-82FC5CE237F4}.Debug|x86.ActiveCfg = Debug|Any CPU
		{DC1E4A38-0210-43A8-B674-82FC5CE237F4}.Debug|x86.Build.0 = Debug|Any CPU
		{DC1E4A38-0210-43A8-B674-82FC5CE237F4}.Release|Any CPU.ActiveCfg = Release|Any CPU
		{DC1E4A38-0210-43A8-B674-82FC5CE237F4}.Release|Any CPU.Build.0 = Release|Any CPU
		{DC1E4A38-0210-43A8-B674-82FC5CE237F4}.Release|x64.ActiveCfg = Release|Any CPU
		{DC1E4A38-0210-43A8-B674-82FC5CE237F4}.Release|x64.Build.0 = Release|Any CPU
		{DC1E4A38-0210-43A8-B674-82FC5CE237F4}.Release|x86.ActiveCfg = Release|Any CPU
		{DC1E4A38-0210-43A8-B674-82FC5CE237F4}.Release|x86.Build.0 = Release|Any CPU
		{F8F6AFAA-68FA-4D8D-AFA3-EFDA6E465527}.Debug|Any CPU.ActiveCfg = Debug|Any CPU
		{F8F6AFAA-68FA-4D8D-AFA3-EFDA6E465527}.Debug|Any CPU.Build.0 = Debug|Any CPU
		{F8F6AFAA-68FA-4D8D-AFA3-EFDA6E465527}.Debug|x64.ActiveCfg = Debug|Any CPU
		{F8F6AFAA-68FA-4D8D-AFA3-EFDA6E465527}.Debug|x64.Build.0 = Debug|Any CPU
		{F8F6AFAA-68FA-4D8D-AFA3-EFDA6E465527}.Debug|x86.ActiveCfg = Debug|Any CPU
		{F8F6AFAA-68FA-4D8D-AFA3-EFDA6E465527}.Debug|x86.Build.0 = Debug|Any CPU
		{F8F6AFAA-68FA-4D8D-AFA3-EFDA6E465527}.Release|Any CPU.ActiveCfg = Release|Any CPU
		{F8F6AFAA-68FA-4D8D-AFA3-EFDA6E465527}.Release|Any CPU.Build.0 = Release|Any CPU
		{F8F6AFAA-68FA-4D8D-AFA3-EFDA6E465527}.Release|x64.ActiveCfg = Release|Any CPU
		{F8F6AFAA-68FA-4D8D-AFA3-EFDA6E465527}.Release|x64.Build.0 = Release|Any CPU
		{F8F6AFAA-68FA-4D8D-AFA3-EFDA6E465527}.Release|x86.ActiveCfg = Release|Any CPU
		{F8F6AFAA-68FA-4D8D-AFA3-EFDA6E465527}.Release|x86.Build.0 = Release|Any CPU
	EndGlobalSection
	GlobalSection(SolutionProperties) = preSolution
		HideSolutionNode = FALSE
	EndGlobalSection
	GlobalSection(ExtensibilityGlobals) = postSolution
		SolutionGuid = {0CA4FFD1-7E74-43BA-94D2-7865811DB730}
	EndGlobalSection
EndGlobal
