
Microsoft Visual Studio Solution File, Format Version 12.00
# Visual Studio Version 17
VisualStudioVersion = 17.13.35913.81 d17.13
MinimumVisualStudioVersion = 10.0.40219.1
Project("{FAE04EC0-301F-11D3-BF4B-00C04F79EFBC}") = "Orokolom", "Orokolom\Orokolom.csproj", "{5C2E440B-F09C-4207-BAAB-35896D29DCDF}"
EndProject
Global
	GlobalSection(SolutionConfigurationPlatforms) = preSolution
		Debug|Any CPU = Debug|Any CPU
		Release|Any CPU = Release|Any CPU
	EndGlobalSection
	GlobalSection(ProjectConfigurationPlatforms) = postSolution
		{5C2E440B-F09C-4207-BAAB-35896D29DCDF}.Debug|Any CPU.ActiveCfg = Debug|Any CPU
		{5C2E440B-F09C-4207-BAAB-35896D29DCDF}.Debug|Any CPU.Build.0 = Debug|Any CPU
		{5C2E440B-F09C-4207-BAAB-35896D29DCDF}.Release|Any CPU.ActiveCfg = Release|Any CPU
		{5C2E440B-F09C-4207-BAAB-35896D29DCDF}.Release|Any CPU.Build.0 = Release|Any CPU
	EndGlobalSection
	GlobalSection(SolutionProperties) = preSolution
		HideSolutionNode = FALSE
	EndGlobalSection
	GlobalSection(ExtensibilityGlobals) = postSolution
		SolutionGuid = {3DDE5156-B378-4E5C-AF3A-15059D27FC89}
	EndGlobalSection
EndGlobal
