
Microsoft Visual Studio Solution File, Format Version 12.00
# Visual Studio Version 17
VisualStudioVersion = 17.13.35913.81 d17.13
MinimumVisualStudioVersion = 10.0.40219.1
Project("{FAE04EC0-301F-11D3-BF4B-00C04F79EFBC}") = "LegyenOnIsMilliomos", "LegyenOnIsMilliomos\LegyenOnIsMilliomos.csproj", "{CC99DB5D-0286-41DD-AB0B-75B195DAC21B}"
EndProject
Global
	GlobalSection(SolutionConfigurationPlatforms) = preSolution
		Debug|Any CPU = Debug|Any CPU
		Release|Any CPU = Release|Any CPU
	EndGlobalSection
	GlobalSection(ProjectConfigurationPlatforms) = postSolution
		{CC99DB5D-0286-41DD-AB0B-75B195DAC21B}.Debug|Any CPU.ActiveCfg = Debug|Any CPU
		{CC99DB5D-0286-41DD-AB0B-75B195DAC21B}.Debug|Any CPU.Build.0 = Debug|Any CPU
		{CC99DB5D-0286-41DD-AB0B-75B195DAC21B}.Release|Any CPU.ActiveCfg = Release|Any CPU
		{CC99DB5D-0286-41DD-AB0B-75B195DAC21B}.Release|Any CPU.Build.0 = Release|Any CPU
	EndGlobalSection
	GlobalSection(SolutionProperties) = preSolution
		HideSolutionNode = FALSE
	EndGlobalSection
	GlobalSection(ExtensibilityGlobals) = postSolution
		SolutionGuid = {96DA5F13-522B-481A-9BB9-01823BE37F90}
	EndGlobalSection
EndGlobal
