
Microsoft Visual Studio Solution File, Format Version 12.00
# Visual Studio Version 17
VisualStudioVersion = 17.13.35913.81 d17.13
MinimumVisualStudioVersion = 10.0.40219.1
Project("{FAE04EC0-301F-11D3-BF4B-00C04F79EFBC}") = "Influencer", "Influencer\Influencer.csproj", "{7CF5AA03-C92C-4BD5-AB03-823C19D95966}"
EndProject
Global
	GlobalSection(SolutionConfigurationPlatforms) = preSolution
		Debug|Any CPU = Debug|Any CPU
		Release|Any CPU = Release|Any CPU
	EndGlobalSection
	GlobalSection(ProjectConfigurationPlatforms) = postSolution
		{7CF5AA03-C92C-4BD5-AB03-823C19D95966}.Debug|Any CPU.ActiveCfg = Debug|Any CPU
		{7CF5AA03-C92C-4BD5-AB03-823C19D95966}.Debug|Any CPU.Build.0 = Debug|Any CPU
		{7CF5AA03-C92C-4BD5-AB03-823C19D95966}.Release|Any CPU.ActiveCfg = Release|Any CPU
		{7CF5AA03-C92C-4BD5-AB03-823C19D95966}.Release|Any CPU.Build.0 = Release|Any CPU
	EndGlobalSection
	GlobalSection(SolutionProperties) = preSolution
		HideSolutionNode = FALSE
	EndGlobalSection
	GlobalSection(ExtensibilityGlobals) = postSolution
		SolutionGuid = {D5E1D381-27F2-4896-AF53-CB65D9065828}
	EndGlobalSection
EndGlobal
