
Microsoft Visual Studio Solution File, Format Version 12.00
# Visual Studio Version 17
VisualStudioVersion = 17.13.35913.81 d17.13
MinimumVisualStudioVersion = 10.0.40219.1
Project("{FAE04EC0-301F-11D3-BF4B-00C04F79EFBC}") = "SantaClaus", "SantaClaus\SantaClaus.csproj", "{C9D6835D-678C-4D93-AB0F-15182D13A4FF}"
EndProject
Global
	GlobalSection(SolutionConfigurationPlatforms) = preSolution
		Debug|Any CPU = Debug|Any CPU
		Release|Any CPU = Release|Any CPU
	EndGlobalSection
	GlobalSection(ProjectConfigurationPlatforms) = postSolution
		{C9D6835D-678C-4D93-AB0F-15182D13A4FF}.Debug|Any CPU.ActiveCfg = Debug|Any CPU
		{C9D6835D-678C-4D93-AB0F-15182D13A4FF}.Debug|Any CPU.Build.0 = Debug|Any CPU
		{C9D6835D-678C-4D93-AB0F-15182D13A4FF}.Release|Any CPU.ActiveCfg = Release|Any CPU
		{C9D6835D-678C-4D93-AB0F-15182D13A4FF}.Release|Any CPU.Build.0 = Release|Any CPU
	EndGlobalSection
	GlobalSection(SolutionProperties) = preSolution
		HideSolutionNode = FALSE
	EndGlobalSection
	GlobalSection(ExtensibilityGlobals) = postSolution
		SolutionGuid = {9E270E67-9F25-41B7-B393-965D472ECB0E}
	EndGlobalSection
EndGlobal
